
Microsoft Visual Studio Solution File, Format Version 12.00
# Visual Studio Version 17
VisualStudioVersion = 17.0.31903.59
MinimumVisualStudioVersion = 10.0.40219.1
Project("{2150E333-8FDC-42A3-9474-1A3956D46DE8}") = "src", "src", "{2A94678E-A567-4109-922A-E5502709A5B3}"
EndProject
Project("{FAE04EC0-301F-11D3-BF4B-00C04F79EFBC}") = "AuthService", "src\AuthService\AuthService.csproj", "{2F73FE71-7EC2-4F77-89CA-0C4DFCD7D50D}"
EndProject
Project("{FAE04EC0-301F-11D3-BF4B-00C04F79EFBC}") = "TaskService", "src\TaskService\TaskService.csproj", "{12C7F3A3-95C0-42D4-9B3E-A4B31A04B02C}"
EndProject
Project("{FAE04EC0-301F-11D3-BF4B-00C04F79EFBC}") = "Security", "src\Security\Security.csproj", "{1B694DF7-B8D3-438A-BA7F-C0195C1FABAC}"
EndProject
Project("{FAE04EC0-301F-11D3-BF4B-00C04F79EFBC}") = "Shared", "src\Shared\Shared.csproj", "{00890E30-55BE-4358-B2BB-65E528AD4091}"
EndProject
Global
	GlobalSection(SolutionConfigurationPlatforms) = preSolution
		Debug|Any CPU = Debug|Any CPU
		Release|Any CPU = Release|Any CPU
	EndGlobalSection
	GlobalSection(SolutionProperties) = preSolution
		HideSolutionNode = FALSE
	EndGlobalSection
	GlobalSection(ProjectConfigurationPlatforms) = postSolution
		{2F73FE71-7EC2-4F77-89CA-0C4DFCD7D50D}.Debug|Any CPU.ActiveCfg = Debug|Any CPU
		{2F73FE71-7EC2-4F77-89CA-0C4DFCD7D50D}.Debug|Any CPU.Build.0 = Debug|Any CPU
		{2F73FE71-7EC2-4F77-89CA-0C4DFCD7D50D}.Release|Any CPU.ActiveCfg = Release|Any CPU
		{2F73FE71-7EC2-4F77-89CA-0C4DFCD7D50D}.Release|Any CPU.Build.0 = Release|Any CPU
		{12C7F3A3-95C0-42D4-9B3E-A4B31A04B02C}.Debug|Any CPU.ActiveCfg = Debug|Any CPU
		{12C7F3A3-95C0-42D4-9B3E-A4B31A04B02C}.Debug|Any CPU.Build.0 = Debug|Any CPU
		{12C7F3A3-95C0-42D4-9B3E-A4B31A04B02C}.Release|Any CPU.ActiveCfg = Release|Any CPU
		{12C7F3A3-95C0-42D4-9B3E-A4B31A04B02C}.Release|Any CPU.Build.0 = Release|Any CPU
		{1B694DF7-B8D3-438A-BA7F-C0195C1FABAC}.Debug|Any CPU.ActiveCfg = Debug|Any CPU
		{1B694DF7-B8D3-438A-BA7F-C0195C1FABAC}.Debug|Any CPU.Build.0 = Debug|Any CPU
		{1B694DF7-B8D3-438A-BA7F-C0195C1FABAC}.Release|Any CPU.ActiveCfg = Release|Any CPU
		{1B694DF7-B8D3-438A-BA7F-C0195C1FABAC}.Release|Any CPU.Build.0 = Release|Any CPU
		{00890E30-55BE-4358-B2BB-65E528AD4091}.Debug|Any CPU.ActiveCfg = Debug|Any CPU
		{00890E30-55BE-4358-B2BB-65E528AD4091}.Debug|Any CPU.Build.0 = Debug|Any CPU
		{00890E30-55BE-4358-B2BB-65E528AD4091}.Release|Any CPU.ActiveCfg = Release|Any CPU
		{00890E30-55BE-4358-B2BB-65E528AD4091}.Release|Any CPU.Build.0 = Release|Any CPU
	EndGlobalSection
	GlobalSection(NestedProjects) = preSolution
		{2F73FE71-7EC2-4F77-89CA-0C4DFCD7D50D} = {2A94678E-A567-4109-922A-E5502709A5B3}
		{12C7F3A3-95C0-42D4-9B3E-A4B31A04B02C} = {2A94678E-A567-4109-922A-E5502709A5B3}
		{1B694DF7-B8D3-438A-BA7F-C0195C1FABAC} = {2A94678E-A567-4109-922A-E5502709A5B3}
		{00890E30-55BE-4358-B2BB-65E528AD4091} = {2A94678E-A567-4109-922A-E5502709A5B3}
	EndGlobalSection
EndGlobal
